
Microsoft Visual Studio Solution File, Format Version 12.00
# Visual Studio Version 17
VisualStudioVersion = 17.10.35013.160
MinimumVisualStudioVersion = 10.0.40219.1
Project("{FAE04EC0-301F-11D3-BF4B-00C04F79EFBC}") = "eCommerce.API", "eCommerce.API\eCommerce.API.csproj", "{0B7DF858-5C01-411E-82DD-FD3753F814FC}"
EndProject
Project("{FAE04EC0-301F-11D3-BF4B-00C04F79EFBC}") = "eCommerce.infrastructure", "eCommerce.infrastructure\eCommerce.infrastructure.csproj", "{02CCA9E8-2464-460C-B93A-D8EA77F995B3}"
EndProject
Project("{FAE04EC0-301F-11D3-BF4B-00C04F79EFBC}") = "eCommerce.Core", "eCommerce.Core\eCommerce.Core.csproj", "{5C9579D4-4092-4D16-B026-65CB39B2AB8E}"
EndProject
Global
	GlobalSection(SolutionConfigurationPlatforms) = preSolution
		Debug|Any CPU = Debug|Any CPU
		Release|Any CPU = Release|Any CPU
	EndGlobalSection
	GlobalSection(ProjectConfigurationPlatforms) = postSolution
		{0B7DF858-5C01-411E-82DD-FD3753F814FC}.Debug|Any CPU.ActiveCfg = Debug|Any CPU
		{0B7DF858-5C01-411E-82DD-FD3753F814FC}.Debug|Any CPU.Build.0 = Debug|Any CPU
		{0B7DF858-5C01-411E-82DD-FD3753F814FC}.Release|Any CPU.ActiveCfg = Release|Any CPU
		{0B7DF858-5C01-411E-82DD-FD3753F814FC}.Release|Any CPU.Build.0 = Release|Any CPU
		{02CCA9E8-2464-460C-B93A-D8EA77F995B3}.Debug|Any CPU.ActiveCfg = Debug|Any CPU
		{02CCA9E8-2464-460C-B93A-D8EA77F995B3}.Debug|Any CPU.Build.0 = Debug|Any CPU
		{02CCA9E8-2464-460C-B93A-D8EA77F995B3}.Release|Any CPU.ActiveCfg = Release|Any CPU
		{02CCA9E8-2464-460C-B93A-D8EA77F995B3}.Release|Any CPU.Build.0 = Release|Any CPU
		{5C9579D4-4092-4D16-B026-65CB39B2AB8E}.Debug|Any CPU.ActiveCfg = Debug|Any CPU
		{5C9579D4-4092-4D16-B026-65CB39B2AB8E}.Debug|Any CPU.Build.0 = Debug|Any CPU
		{5C9579D4-4092-4D16-B026-65CB39B2AB8E}.Release|Any CPU.ActiveCfg = Release|Any CPU
		{5C9579D4-4092-4D16-B026-65CB39B2AB8E}.Release|Any CPU.Build.0 = Release|Any CPU
	EndGlobalSection
	GlobalSection(SolutionProperties) = preSolution
		HideSolutionNode = FALSE
	EndGlobalSection
	GlobalSection(ExtensibilityGlobals) = postSolution
		SolutionGuid = {44C5D06A-E24E-4099-B6A5-8474BFC66B3A}
	EndGlobalSection
EndGlobal
